
Microsoft Visual Studio Solution File, Format Version 12.00
# Visual Studio Version 17
VisualStudioVersion = 17.13.35818.85 d17.13
MinimumVisualStudioVersion = 10.0.40219.1
Project("{FAE04EC0-301F-11D3-BF4B-00C04F79EFBC}") = "CMouss.SystemHealth", "CMouss.SystemHealth\CMouss.SystemHealth.csproj", "{B919E0F9-91D6-400E-AFDE-D69FDE9AD11C}"
EndProject
Global
	GlobalSection(SolutionConfigurationPlatforms) = preSolution
		Debug|Any CPU = Debug|Any CPU
		Release|Any CPU = Release|Any CPU
	EndGlobalSection
	GlobalSection(ProjectConfigurationPlatforms) = postSolution
		{B919E0F9-91D6-400E-AFDE-D69FDE9AD11C}.Debug|Any CPU.ActiveCfg = Debug|Any CPU
		{B919E0F9-91D6-400E-AFDE-D69FDE9AD11C}.Debug|Any CPU.Build.0 = Debug|Any CPU
		{B919E0F9-91D6-400E-AFDE-D69FDE9AD11C}.Release|Any CPU.ActiveCfg = Release|Any CPU
		{B919E0F9-91D6-400E-AFDE-D69FDE9AD11C}.Release|Any CPU.Build.0 = Release|Any CPU
	EndGlobalSection
	GlobalSection(SolutionProperties) = preSolution
		HideSolutionNode = FALSE
	EndGlobalSection
	GlobalSection(ExtensibilityGlobals) = postSolution
		SolutionGuid = {8A4D8D59-A2EF-45F4-A3A5-554CCBFEFA0E}
	EndGlobalSection
EndGlobal
